
Microsoft Visual Studio Solution File, Format Version 12.00
# Visual Studio 14
VisualStudioVersion = 14.0.25420.1
MinimumVisualStudioVersion = 10.0.40219.1
Project("{2150E333-8FDC-42A3-9474-1A3956D46DE8}") = "Game", "Game", "{7D11F876-802D-489A-882E-07D2D61F454B}"
EndProject
Project("{2150E333-8FDC-42A3-9474-1A3956D46DE8}") = "External", "External", "{DA2C5750-C842-4E57-9DF6-1AFD21D5880A}"
EndProject
Project("{8BC9CEB8-8B4A-11D0-8D11-00A0C91BC942}") = "MyGame", "Code\Game\MyGame\MyGame.vcxproj", "{ACC6F5FF-C516-4C43-A627-F03D460A154E}"
	ProjectSection(ProjectDependencies) = postProject
		{0FFA3003-4380-460F-B5CC-EA9F9F3AA842} = {0FFA3003-4380-460F-B5CC-EA9F9F3AA842}
		{44529237-8F91-4FFE-9335-67A712550333} = {44529237-8F91-4FFE-9335-67A712550333}
		{C1A9343A-941B-4F82-9AB3-C4E923C2A4DF} = {C1A9343A-941B-4F82-9AB3-C4E923C2A4DF}
	EndProjectSection
EndProject
Project("{8BC9CEB8-8B4A-11D0-8D11-00A0C91BC942}") = "FreeGLUT", "Code\External\FreeGLUT\FreeGLUT.vcxproj", "{21C1D1D8-49B2-4B69-9C58-D17547188425}"
EndProject
Project("{2150E333-8FDC-42A3-9474-1A3956D46DE8}") = "Engine", "Engine", "{3785A3A5-9794-4D42-BD2B-416C91AAEB52}"
EndProject
Project("{8BC9CEB8-8B4A-11D0-8D11-00A0C91BC942}") = "Graphics", "Code\Engine\Graphics\Graphics.vcxproj", "{44529237-8F91-4FFE-9335-67A712550333}"
	ProjectSection(ProjectDependencies) = postProject
		{D853984F-CB1E-4AD6-9578-5862ED1BDD90} = {D853984F-CB1E-4AD6-9578-5862ED1BDD90}
		{3DCC9E93-9CB6-42A6-A84E-A7B466EF3E78} = {3DCC9E93-9CB6-42A6-A84E-A7B466EF3E78}
		{C62AD5A9-4CC3-4CE9-8D32-A2439D8C5061} = {C62AD5A9-4CC3-4CE9-8D32-A2439D8C5061}
		{21C1D1D8-49B2-4B69-9C58-D17547188425} = {21C1D1D8-49B2-4B69-9C58-D17547188425}
		{3EEED4E5-D27F-48DA-A525-768B7036A815} = {3EEED4E5-D27F-48DA-A525-768B7036A815}
		{1B77B2F2-EF39-49EF-BE95-FEB6BB39353B} = {1B77B2F2-EF39-49EF-BE95-FEB6BB39353B}
	EndProjectSection
EndProject
Project("{8BC9CEB8-8B4A-11D0-8D11-00A0C91BC942}") = "UserInput", "Code\Engine\UserInput\UserInput.vcxproj", "{C1A9343A-941B-4F82-9AB3-C4E923C2A4DF}"
EndProject
Project("{8BC9CEB8-8B4A-11D0-8D11-00A0C91BC942}") = "Math", "Code\Engine\Math\Math.vcxproj", "{7754F46D-9143-4AA0-8FB4-DF0094249E9B}"
EndProject
Project("{8BC9CEB8-8B4A-11D0-8D11-00A0C91BC942}") = "Asserts", "Code\Engine\Asserts\Asserts.vcxproj", "{3EEED4E5-D27F-48DA-A525-768B7036A815}"
EndProject
Project("{8BC9CEB8-8B4A-11D0-8D11-00A0C91BC942}") = "GLEW", "Code\External\GLEW\GLEW.vcxproj", "{3DCC9E93-9CB6-42A6-A84E-A7B466EF3E78}"
EndProject
Project("{8BC9CEB8-8B4A-11D0-8D11-00A0C91BC942}") = "cyCodeBase", "Code\External\cyCodeBase\cyCodeBase.vcxproj", "{AAC31056-D190-42D9-8A40-175888D56E04}"
EndProject
Project("{8BC9CEB8-8B4A-11D0-8D11-00A0C91BC942}") = "Gameplay", "Code\Game\Gameplay\Gameplay.vcxproj", "{0FFA3003-4380-460F-B5CC-EA9F9F3AA842}"
EndProject
Project("{8BC9CEB8-8B4A-11D0-8D11-00A0C91BC942}") = "Camera", "Code\Engine\Camera\Camera.vcxproj", "{1B77B2F2-EF39-49EF-BE95-FEB6BB39353B}"
	ProjectSection(ProjectDependencies) = postProject
		{7754F46D-9143-4AA0-8FB4-DF0094249E9B} = {7754F46D-9143-4AA0-8FB4-DF0094249E9B}
	EndProjectSection
EndProject
Project("{8BC9CEB8-8B4A-11D0-8D11-00A0C91BC942}") = "Time", "Code\Engine\Time\Time.vcxproj", "{D853984F-CB1E-4AD6-9578-5862ED1BDD90}"
EndProject
Project("{8BC9CEB8-8B4A-11D0-8D11-00A0C91BC942}") = "PNGLoader", "Code\External\PNGLoader\PNGLoader.vcxproj", "{C62AD5A9-4CC3-4CE9-8D32-A2439D8C5061}"
EndProject
Global
	GlobalSection(SolutionConfigurationPlatforms) = preSolution
		Debug|x64 = Debug|x64
		Debug|x86 = Debug|x86
		Release|x64 = Release|x64
		Release|x86 = Release|x86
	EndGlobalSection
	GlobalSection(ProjectConfigurationPlatforms) = postSolution
		{ACC6F5FF-C516-4C43-A627-F03D460A154E}.Debug|x64.ActiveCfg = Debug|x64
		{ACC6F5FF-C516-4C43-A627-F03D460A154E}.Debug|x64.Build.0 = Debug|x64
		{ACC6F5FF-C516-4C43-A627-F03D460A154E}.Debug|x86.ActiveCfg = Debug|Win32
		{ACC6F5FF-C516-4C43-A627-F03D460A154E}.Debug|x86.Build.0 = Debug|Win32
		{ACC6F5FF-C516-4C43-A627-F03D460A154E}.Release|x64.ActiveCfg = Release|x64
		{ACC6F5FF-C516-4C43-A627-F03D460A154E}.Release|x64.Build.0 = Release|x64
		{ACC6F5FF-C516-4C43-A627-F03D460A154E}.Release|x86.ActiveCfg = Release|Win32
		{ACC6F5FF-C516-4C43-A627-F03D460A154E}.Release|x86.Build.0 = Release|Win32
		{21C1D1D8-49B2-4B69-9C58-D17547188425}.Debug|x64.ActiveCfg = Debug|x64
		{21C1D1D8-49B2-4B69-9C58-D17547188425}.Debug|x64.Build.0 = Debug|x64
		{21C1D1D8-49B2-4B69-9C58-D17547188425}.Debug|x86.ActiveCfg = Debug|Win32
		{21C1D1D8-49B2-4B69-9C58-D17547188425}.Debug|x86.Build.0 = Debug|Win32
		{21C1D1D8-49B2-4B69-9C58-D17547188425}.Release|x64.ActiveCfg = Release|x64
		{21C1D1D8-49B2-4B69-9C58-D17547188425}.Release|x64.Build.0 = Release|x64
		{21C1D1D8-49B2-4B69-9C58-D17547188425}.Release|x86.ActiveCfg = Release|Win32
		{21C1D1D8-49B2-4B69-9C58-D17547188425}.Release|x86.Build.0 = Release|Win32
		{44529237-8F91-4FFE-9335-67A712550333}.Debug|x64.ActiveCfg = Debug|x64
		{44529237-8F91-4FFE-9335-67A712550333}.Debug|x64.Build.0 = Debug|x64
		{44529237-8F91-4FFE-9335-67A712550333}.Debug|x86.ActiveCfg = Debug|Win32
		{44529237-8F91-4FFE-9335-67A712550333}.Debug|x86.Build.0 = Debug|Win32
		{44529237-8F91-4FFE-9335-67A712550333}.Release|x64.ActiveCfg = Release|x64
		{44529237-8F91-4FFE-9335-67A712550333}.Release|x64.Build.0 = Release|x64
		{44529237-8F91-4FFE-9335-67A712550333}.Release|x86.ActiveCfg = Release|Win32
		{44529237-8F91-4FFE-9335-67A712550333}.Release|x86.Build.0 = Release|Win32
		{C1A9343A-941B-4F82-9AB3-C4E923C2A4DF}.Debug|x64.ActiveCfg = Debug|x64
		{C1A9343A-941B-4F82-9AB3-C4E923C2A4DF}.Debug|x64.Build.0 = Debug|x64
		{C1A9343A-941B-4F82-9AB3-C4E923C2A4DF}.Debug|x86.ActiveCfg = Debug|Win32
		{C1A9343A-941B-4F82-9AB3-C4E923C2A4DF}.Debug|x86.Build.0 = Debug|Win32
		{C1A9343A-941B-4F82-9AB3-C4E923C2A4DF}.Release|x64.ActiveCfg = Release|x64
		{C1A9343A-941B-4F82-9AB3-C4E923C2A4DF}.Release|x64.Build.0 = Release|x64
		{C1A9343A-941B-4F82-9AB3-C4E923C2A4DF}.Release|x86.ActiveCfg = Release|Win32
		{C1A9343A-941B-4F82-9AB3-C4E923C2A4DF}.Release|x86.Build.0 = Release|Win32
		{7754F46D-9143-4AA0-8FB4-DF0094249E9B}.Debug|x64.ActiveCfg = Debug|x64
		{7754F46D-9143-4AA0-8FB4-DF0094249E9B}.Debug|x64.Build.0 = Debug|x64
		{7754F46D-9143-4AA0-8FB4-DF0094249E9B}.Debug|x86.ActiveCfg = Debug|Win32
		{7754F46D-9143-4AA0-8FB4-DF0094249E9B}.Debug|x86.Build.0 = Debug|Win32
		{7754F46D-9143-4AA0-8FB4-DF0094249E9B}.Release|x64.ActiveCfg = Release|x64
		{7754F46D-9143-4AA0-8FB4-DF0094249E9B}.Release|x64.Build.0 = Release|x64
		{7754F46D-9143-4AA0-8FB4-DF0094249E9B}.Release|x86.ActiveCfg = Release|Win32
		{7754F46D-9143-4AA0-8FB4-DF0094249E9B}.Release|x86.Build.0 = Release|Win32
		{3EEED4E5-D27F-48DA-A525-768B7036A815}.Debug|x64.ActiveCfg = Debug|x64
		{3EEED4E5-D27F-48DA-A525-768B7036A815}.Debug|x64.Build.0 = Debug|x64
		{3EEED4E5-D27F-48DA-A525-768B7036A815}.Debug|x86.ActiveCfg = Debug|Win32
		{3EEED4E5-D27F-48DA-A525-768B7036A815}.Debug|x86.Build.0 = Debug|Win32
		{3EEED4E5-D27F-48DA-A525-768B7036A815}.Release|x64.ActiveCfg = Release|x64
		{3EEED4E5-D27F-48DA-A525-768B7036A815}.Release|x64.Build.0 = Release|x64
		{3EEED4E5-D27F-48DA-A525-768B7036A815}.Release|x86.ActiveCfg = Release|Win32
		{3EEED4E5-D27F-48DA-A525-768B7036A815}.Release|x86.Build.0 = Release|Win32
		{3DCC9E93-9CB6-42A6-A84E-A7B466EF3E78}.Debug|x64.ActiveCfg = Debug|x64
		{3DCC9E93-9CB6-42A6-A84E-A7B466EF3E78}.Debug|x64.Build.0 = Debug|x64
		{3DCC9E93-9CB6-42A6-A84E-A7B466EF3E78}.Debug|x86.ActiveCfg = Debug|Win32
		{3DCC9E93-9CB6-42A6-A84E-A7B466EF3E78}.Debug|x86.Build.0 = Debug|Win32
		{3DCC9E93-9CB6-42A6-A84E-A7B466EF3E78}.Release|x64.ActiveCfg = Release|x64
		{3DCC9E93-9CB6-42A6-A84E-A7B466EF3E78}.Release|x64.Build.0 = Release|x64
		{3DCC9E93-9CB6-42A6-A84E-A7B466EF3E78}.Release|x86.ActiveCfg = Release|Win32
		{3DCC9E93-9CB6-42A6-A84E-A7B466EF3E78}.Release|x86.Build.0 = Release|Win32
		{AAC31056-D190-42D9-8A40-175888D56E04}.Debug|x64.ActiveCfg = Debug|x64
		{AAC31056-D190-42D9-8A40-175888D56E04}.Debug|x64.Build.0 = Debug|x64
		{AAC31056-D190-42D9-8A40-175888D56E04}.Debug|x86.ActiveCfg = Debug|Win32
		{AAC31056-D190-42D9-8A40-175888D56E04}.Debug|x86.Build.0 = Debug|Win32
		{AAC31056-D190-42D9-8A40-175888D56E04}.Release|x64.ActiveCfg = Release|x64
		{AAC31056-D190-42D9-8A40-175888D56E04}.Release|x64.Build.0 = Release|x64
		{AAC31056-D190-42D9-8A40-175888D56E04}.Release|x86.ActiveCfg = Release|Win32
		{AAC31056-D190-42D9-8A40-175888D56E04}.Release|x86.Build.0 = Release|Win32
		{0FFA3003-4380-460F-B5CC-EA9F9F3AA842}.Debug|x64.ActiveCfg = Debug|x64
		{0FFA3003-4380-460F-B5CC-EA9F9F3AA842}.Debug|x64.Build.0 = Debug|x64
		{0FFA3003-4380-460F-B5CC-EA9F9F3AA842}.Debug|x86.ActiveCfg = Debug|Win32
		{0FFA3003-4380-460F-B5CC-EA9F9F3AA842}.Debug|x86.Build.0 = Debug|Win32
		{0FFA3003-4380-460F-B5CC-EA9F9F3AA842}.Release|x64.ActiveCfg = Release|x64
		{0FFA3003-4380-460F-B5CC-EA9F9F3AA842}.Release|x64.Build.0 = Release|x64
		{0FFA3003-4380-460F-B5CC-EA9F9F3AA842}.Release|x86.ActiveCfg = Release|Win32
		{0FFA3003-4380-460F-B5CC-EA9F9F3AA842}.Release|x86.Build.0 = Release|Win32
		{1B77B2F2-EF39-49EF-BE95-FEB6BB39353B}.Debug|x64.ActiveCfg = Debug|x64
		{1B77B2F2-EF39-49EF-BE95-FEB6BB39353B}.Debug|x64.Build.0 = Debug|x64
		{1B77B2F2-EF39-49EF-BE95-FEB6BB39353B}.Debug|x86.ActiveCfg = Debug|Win32
		{1B77B2F2-EF39-49EF-BE95-FEB6BB39353B}.Debug|x86.Build.0 = Debug|Win32
		{1B77B2F2-EF39-49EF-BE95-FEB6BB39353B}.Release|x64.ActiveCfg = Release|x64
		{1B77B2F2-EF39-49EF-BE95-FEB6BB39353B}.Release|x64.Build.0 = Release|x64
		{1B77B2F2-EF39-49EF-BE95-FEB6BB39353B}.Release|x86.ActiveCfg = Release|Win32
		{1B77B2F2-EF39-49EF-BE95-FEB6BB39353B}.Release|x86.Build.0 = Release|Win32
		{D853984F-CB1E-4AD6-9578-5862ED1BDD90}.Debug|x64.ActiveCfg = Debug|x64
		{D853984F-CB1E-4AD6-9578-5862ED1BDD90}.Debug|x64.Build.0 = Debug|x64
		{D853984F-CB1E-4AD6-9578-5862ED1BDD90}.Debug|x86.ActiveCfg = Debug|Win32
		{D853984F-CB1E-4AD6-9578-5862ED1BDD90}.Debug|x86.Build.0 = Debug|Win32
		{D853984F-CB1E-4AD6-9578-5862ED1BDD90}.Release|x64.ActiveCfg = Release|x64
		{D853984F-CB1E-4AD6-9578-5862ED1BDD90}.Release|x64.Build.0 = Release|x64
		{D853984F-CB1E-4AD6-9578-5862ED1BDD90}.Release|x86.ActiveCfg = Release|Win32
		{D853984F-CB1E-4AD6-9578-5862ED1BDD90}.Release|x86.Build.0 = Release|Win32
		{C62AD5A9-4CC3-4CE9-8D32-A2439D8C5061}.Debug|x64.ActiveCfg = Debug|x64
		{C62AD5A9-4CC3-4CE9-8D32-A2439D8C5061}.Debug|x64.Build.0 = Debug|x64
		{C62AD5A9-4CC3-4CE9-8D32-A2439D8C5061}.Debug|x86.ActiveCfg = Debug|Win32
		{C62AD5A9-4CC3-4CE9-8D32-A2439D8C5061}.Debug|x86.Build.0 = Debug|Win32
		{C62AD5A9-4CC3-4CE9-8D32-A2439D8C5061}.Release|x64.ActiveCfg = Release|x64
		{C62AD5A9-4CC3-4CE9-8D32-A2439D8C5061}.Release|x64.Build.0 = Release|x64
		{C62AD5A9-4CC3-4CE9-8D32-A2439D8C5061}.Release|x86.ActiveCfg = Release|Win32
		{C62AD5A9-4CC3-4CE9-8D32-A2439D8C5061}.Release|x86.Build.0 = Release|Win32
	EndGlobalSection
	GlobalSection(SolutionProperties) = preSolution
		HideSolutionNode = FALSE
	EndGlobalSection
	GlobalSection(NestedProjects) = preSolution
		{ACC6F5FF-C516-4C43-A627-F03D460A154E} = {7D11F876-802D-489A-882E-07D2D61F454B}
		{21C1D1D8-49B2-4B69-9C58-D17547188425} = {DA2C5750-C842-4E57-9DF6-1AFD21D5880A}
		{44529237-8F91-4FFE-9335-67A712550333} = {3785A3A5-9794-4D42-BD2B-416C91AAEB52}
		{C1A9343A-941B-4F82-9AB3-C4E923C2A4DF} = {3785A3A5-9794-4D42-BD2B-416C91AAEB52}
		{7754F46D-9143-4AA0-8FB4-DF0094249E9B} = {3785A3A5-9794-4D42-BD2B-416C91AAEB52}
		{3EEED4E5-D27F-48DA-A525-768B7036A815} = {3785A3A5-9794-4D42-BD2B-416C91AAEB52}
		{3DCC9E93-9CB6-42A6-A84E-A7B466EF3E78} = {DA2C5750-C842-4E57-9DF6-1AFD21D5880A}
		{AAC31056-D190-42D9-8A40-175888D56E04} = {DA2C5750-C842-4E57-9DF6-1AFD21D5880A}
		{0FFA3003-4380-460F-B5CC-EA9F9F3AA842} = {7D11F876-802D-489A-882E-07D2D61F454B}
		{1B77B2F2-EF39-49EF-BE95-FEB6BB39353B} = {3785A3A5-9794-4D42-BD2B-416C91AAEB52}
		{D853984F-CB1E-4AD6-9578-5862ED1BDD90} = {3785A3A5-9794-4D42-BD2B-416C91AAEB52}
		{C62AD5A9-4CC3-4CE9-8D32-A2439D8C5061} = {DA2C5750-C842-4E57-9DF6-1AFD21D5880A}
	EndGlobalSection
EndGlobal
