<?xml version="1.0" encoding="utf-8"?>
<Project ToolsVersion="4.0" xmlns="http://schemas.microsoft.com/developer/msbuild/2003">
  <ItemGroup>
    <ClCompile Include="Graphics.cpp" />
    <ClCompile Include="Mesh.cpp" />
    <ClCompile Include="Effect.cpp" />
    <ClCompile Include="Material.cpp" />
    <ClCompile Include="UniformBuffer.cpp" />
    <ClCompile Include="Scene.cpp" />
  </ItemGroup>
  <ItemGroup>
    <ClInclude Include="Graphics.h" />
    <ClInclude Include="Mesh.h" />
    <ClInclude Include="Effect.h" />
    <ClInclude Include="MeshData.h" />
    <ClInclude Include="Material.h" />
    <ClInclude Include="UniformBuffer.h" />
    <ClInclude Include="UniformBufferData.h" />
    <ClInclude Include="Scene.h" />
    <ClInclude Include="Color.h" />
  </ItemGroup>
</Project>